
Microsoft Visual Studio Solution File, Format Version 12.00
# Visual Studio Version 17
VisualStudioVersion = 17.9.34902.65
MinimumVisualStudioVersion = 10.0.40219.1
Project("{FAE04EC0-301F-11D3-BF4B-00C04F79EFBC}") = "CleverensSoft1", "CleverensSoft1\CleverensSoft1.csproj", "{CECD198B-A646-C0DF-943F-B0E93473D476}"
EndProject
Project("{FAE04EC0-301F-11D3-BF4B-00C04F79EFBC}") = "CleverensSoft2", "CleverensSoft2\CleverensSoft2.csproj", "{271C41C4-08BD-E881-5B9C-659D91C26756}"
EndProject
Project("{FAE04EC0-301F-11D3-BF4B-00C04F79EFBC}") = "CleverensSoft3", "CleverensSoft3\CleverensSoft3.csproj", "{C295B1E7-CD0E-C211-1F24-B55D901624CC}"
EndProject
Global
	GlobalSection(SolutionConfigurationPlatforms) = preSolution
		Debug|Any CPU = Debug|Any CPU
		Release|Any CPU = Release|Any CPU
	EndGlobalSection
	GlobalSection(ProjectConfigurationPlatforms) = postSolution
		{CECD198B-A646-C0DF-943F-B0E93473D476}.Debug|Any CPU.ActiveCfg = Debug|Any CPU
		{CECD198B-A646-C0DF-943F-B0E93473D476}.Debug|Any CPU.Build.0 = Debug|Any CPU
		{CECD198B-A646-C0DF-943F-B0E93473D476}.Release|Any CPU.ActiveCfg = Release|Any CPU
		{CECD198B-A646-C0DF-943F-B0E93473D476}.Release|Any CPU.Build.0 = Release|Any CPU
		{271C41C4-08BD-E881-5B9C-659D91C26756}.Debug|Any CPU.ActiveCfg = Debug|Any CPU
		{271C41C4-08BD-E881-5B9C-659D91C26756}.Debug|Any CPU.Build.0 = Debug|Any CPU
		{271C41C4-08BD-E881-5B9C-659D91C26756}.Release|Any CPU.ActiveCfg = Release|Any CPU
		{271C41C4-08BD-E881-5B9C-659D91C26756}.Release|Any CPU.Build.0 = Release|Any CPU
		{C295B1E7-CD0E-C211-1F24-B55D901624CC}.Debug|Any CPU.ActiveCfg = Debug|Any CPU
		{C295B1E7-CD0E-C211-1F24-B55D901624CC}.Debug|Any CPU.Build.0 = Debug|Any CPU
		{C295B1E7-CD0E-C211-1F24-B55D901624CC}.Release|Any CPU.ActiveCfg = Release|Any CPU
		{C295B1E7-CD0E-C211-1F24-B55D901624CC}.Release|Any CPU.Build.0 = Release|Any CPU
	EndGlobalSection
	GlobalSection(SolutionProperties) = preSolution
		HideSolutionNode = FALSE
	EndGlobalSection
	GlobalSection(ExtensibilityGlobals) = postSolution
		SolutionGuid = {8906393C-6AC2-47CB-9714-AAF86872EF16}
	EndGlobalSection
EndGlobal
